
Microsoft Visual Studio Solution File, Format Version 12.00
# Visual Studio 14
VisualStudioVersion = 14.0.22823.1
MinimumVisualStudioVersion = 10.0.40219.1
Project("{FAE04EC0-301F-11D3-BF4B-00C04F79EFBC}") = "WorldProcessor", "WorldProcessor\WorldProcessor.csproj", "{AC191C6A-CB99-4F12-8555-93BF355D4C41}"
EndProject
Project("{8BC9CEB8-8B4A-11D0-8D11-00A0C91BC942}") = "iStringTokeniser", "iStringTokeniser\iStringTokeniser.vcxproj", "{2E40B625-3103-4A59-82F7-3D7472441B91}"
EndProject
Project("{FAE04EC0-301F-11D3-BF4B-00C04F79EFBC}") = "iUtils", "..\iRichConsole\iUtils\iUtils.csproj", "{0FC42B0E-CCC8-4914-8848-4A4420900BC7}"
EndProject
Global
	GlobalSection(SolutionConfigurationPlatforms) = preSolution
		Debug|Any CPU = Debug|Any CPU
		Debug|Mixed Platforms = Debug|Mixed Platforms
		Debug|Win32 = Debug|Win32
		Debug|x64 = Debug|x64
		Debug|x86 = Debug|x86
		Release|Any CPU = Release|Any CPU
		Release|Mixed Platforms = Release|Mixed Platforms
		Release|Win32 = Release|Win32
		Release|x64 = Release|x64
		Release|x86 = Release|x86
	EndGlobalSection
	GlobalSection(ProjectConfigurationPlatforms) = postSolution
		{AC191C6A-CB99-4F12-8555-93BF355D4C41}.Debug|Any CPU.ActiveCfg = Debug|Any CPU
		{AC191C6A-CB99-4F12-8555-93BF355D4C41}.Debug|Any CPU.Build.0 = Debug|Any CPU
		{AC191C6A-CB99-4F12-8555-93BF355D4C41}.Debug|Mixed Platforms.ActiveCfg = Debug|x86
		{AC191C6A-CB99-4F12-8555-93BF355D4C41}.Debug|Mixed Platforms.Build.0 = Debug|x86
		{AC191C6A-CB99-4F12-8555-93BF355D4C41}.Debug|Win32.ActiveCfg = Debug|Any CPU
		{AC191C6A-CB99-4F12-8555-93BF355D4C41}.Debug|Win32.Build.0 = Debug|Any CPU
		{AC191C6A-CB99-4F12-8555-93BF355D4C41}.Debug|x64.ActiveCfg = Debug|x64
		{AC191C6A-CB99-4F12-8555-93BF355D4C41}.Debug|x64.Build.0 = Debug|x64
		{AC191C6A-CB99-4F12-8555-93BF355D4C41}.Debug|x86.ActiveCfg = Debug|x86
		{AC191C6A-CB99-4F12-8555-93BF355D4C41}.Debug|x86.Build.0 = Debug|x86
		{AC191C6A-CB99-4F12-8555-93BF355D4C41}.Release|Any CPU.ActiveCfg = Release|Any CPU
		{AC191C6A-CB99-4F12-8555-93BF355D4C41}.Release|Any CPU.Build.0 = Release|Any CPU
		{AC191C6A-CB99-4F12-8555-93BF355D4C41}.Release|Mixed Platforms.ActiveCfg = Release|Any CPU
		{AC191C6A-CB99-4F12-8555-93BF355D4C41}.Release|Mixed Platforms.Build.0 = Release|Any CPU
		{AC191C6A-CB99-4F12-8555-93BF355D4C41}.Release|Win32.ActiveCfg = Release|x86
		{AC191C6A-CB99-4F12-8555-93BF355D4C41}.Release|Win32.Build.0 = Release|x86
		{AC191C6A-CB99-4F12-8555-93BF355D4C41}.Release|x64.ActiveCfg = Release|x64
		{AC191C6A-CB99-4F12-8555-93BF355D4C41}.Release|x64.Build.0 = Release|x64
		{AC191C6A-CB99-4F12-8555-93BF355D4C41}.Release|x86.ActiveCfg = Release|x86
		{AC191C6A-CB99-4F12-8555-93BF355D4C41}.Release|x86.Build.0 = Release|x86
		{2E40B625-3103-4A59-82F7-3D7472441B91}.Debug|Any CPU.ActiveCfg = Debug|Win32
		{2E40B625-3103-4A59-82F7-3D7472441B91}.Debug|Any CPU.Build.0 = Debug|Win32
		{2E40B625-3103-4A59-82F7-3D7472441B91}.Debug|Mixed Platforms.ActiveCfg = Debug|Win32
		{2E40B625-3103-4A59-82F7-3D7472441B91}.Debug|Mixed Platforms.Build.0 = Debug|Win32
		{2E40B625-3103-4A59-82F7-3D7472441B91}.Debug|Win32.ActiveCfg = Debug|Win32
		{2E40B625-3103-4A59-82F7-3D7472441B91}.Debug|Win32.Build.0 = Debug|Win32
		{2E40B625-3103-4A59-82F7-3D7472441B91}.Debug|x64.ActiveCfg = Debug|x64
		{2E40B625-3103-4A59-82F7-3D7472441B91}.Debug|x64.Build.0 = Debug|x64
		{2E40B625-3103-4A59-82F7-3D7472441B91}.Debug|x86.ActiveCfg = Debug|Win32
		{2E40B625-3103-4A59-82F7-3D7472441B91}.Debug|x86.Build.0 = Debug|Win32
		{2E40B625-3103-4A59-82F7-3D7472441B91}.Release|Any CPU.ActiveCfg = Release|Win32
		{2E40B625-3103-4A59-82F7-3D7472441B91}.Release|Any CPU.Build.0 = Release|Win32
		{2E40B625-3103-4A59-82F7-3D7472441B91}.Release|Mixed Platforms.ActiveCfg = Release|Win32
		{2E40B625-3103-4A59-82F7-3D7472441B91}.Release|Mixed Platforms.Build.0 = Release|Win32
		{2E40B625-3103-4A59-82F7-3D7472441B91}.Release|Win32.ActiveCfg = Release|Win32
		{2E40B625-3103-4A59-82F7-3D7472441B91}.Release|Win32.Build.0 = Release|Win32
		{2E40B625-3103-4A59-82F7-3D7472441B91}.Release|x64.ActiveCfg = Release|x64
		{2E40B625-3103-4A59-82F7-3D7472441B91}.Release|x64.Build.0 = Release|x64
		{2E40B625-3103-4A59-82F7-3D7472441B91}.Release|x86.ActiveCfg = Release|Win32
		{2E40B625-3103-4A59-82F7-3D7472441B91}.Release|x86.Build.0 = Release|Win32
		{0FC42B0E-CCC8-4914-8848-4A4420900BC7}.Debug|Any CPU.ActiveCfg = Debug|Any CPU
		{0FC42B0E-CCC8-4914-8848-4A4420900BC7}.Debug|Any CPU.Build.0 = Debug|Any CPU
		{0FC42B0E-CCC8-4914-8848-4A4420900BC7}.Debug|Mixed Platforms.ActiveCfg = Debug|x86
		{0FC42B0E-CCC8-4914-8848-4A4420900BC7}.Debug|Mixed Platforms.Build.0 = Debug|x86
		{0FC42B0E-CCC8-4914-8848-4A4420900BC7}.Debug|Win32.ActiveCfg = Debug|Any CPU
		{0FC42B0E-CCC8-4914-8848-4A4420900BC7}.Debug|Win32.Build.0 = Debug|Any CPU
		{0FC42B0E-CCC8-4914-8848-4A4420900BC7}.Debug|x64.ActiveCfg = Debug|x64
		{0FC42B0E-CCC8-4914-8848-4A4420900BC7}.Debug|x64.Build.0 = Debug|x64
		{0FC42B0E-CCC8-4914-8848-4A4420900BC7}.Debug|x86.ActiveCfg = Debug|x86
		{0FC42B0E-CCC8-4914-8848-4A4420900BC7}.Debug|x86.Build.0 = Debug|x86
		{0FC42B0E-CCC8-4914-8848-4A4420900BC7}.Release|Any CPU.ActiveCfg = Release|Any CPU
		{0FC42B0E-CCC8-4914-8848-4A4420900BC7}.Release|Any CPU.Build.0 = Release|Any CPU
		{0FC42B0E-CCC8-4914-8848-4A4420900BC7}.Release|Mixed Platforms.ActiveCfg = Release|Any CPU
		{0FC42B0E-CCC8-4914-8848-4A4420900BC7}.Release|Mixed Platforms.Build.0 = Release|Any CPU
		{0FC42B0E-CCC8-4914-8848-4A4420900BC7}.Release|Win32.ActiveCfg = Release|x86
		{0FC42B0E-CCC8-4914-8848-4A4420900BC7}.Release|Win32.Build.0 = Release|x86
		{0FC42B0E-CCC8-4914-8848-4A4420900BC7}.Release|x64.ActiveCfg = Release|x64
		{0FC42B0E-CCC8-4914-8848-4A4420900BC7}.Release|x64.Build.0 = Release|x64
		{0FC42B0E-CCC8-4914-8848-4A4420900BC7}.Release|x86.ActiveCfg = Release|x86
		{0FC42B0E-CCC8-4914-8848-4A4420900BC7}.Release|x86.Build.0 = Release|x86
	EndGlobalSection
	GlobalSection(SolutionProperties) = preSolution
		HideSolutionNode = FALSE
	EndGlobalSection
	GlobalSection(TeamFoundationVersionControl) = preSolution
		SccNumberOfProjects = 4
		SccEnterpriseProvider = {4CA58AB2-18FA-4F8D-95D4-32DDF27D184C}
		SccTeamFoundationServer = https://theartofapplications.visualstudio.com/defaultcollection
		SccLocalPath0 = .
		SccProjectUniqueName1 = iStringTokeniser\\iStringTokeniser.vcxproj
		SccProjectName1 = iStringTokeniser
		SccLocalPath1 = iStringTokeniser
		SccProjectUniqueName2 = WorldProcessor\\WorldProcessor.csproj
		SccProjectName2 = WorldProcessor
		SccLocalPath2 = WorldProcessor
		SccProjectUniqueName3 = ..\\iRichConsole\\iUtils\\iUtils.csproj
		SccProjectName3 = ../iRichConsole/iUtils
		SccLocalPath3 = ..\\iRichConsole\\iUtils
	EndGlobalSection
EndGlobal
