
Microsoft Visual Studio Solution File, Format Version 12.00
# Visual Studio 15
VisualStudioVersion = 15.0.27428.2027
MinimumVisualStudioVersion = 10.0.40219.1
Project("{BB40F520-413E-3EBA-ABD4-2177801094F0}") = "iTileServer", "iTileServer\iTileServer.ccproj", "{94EB8B16-0EC0-407B-88E9-72884786C391}"
EndProject
Project("{FAE04EC0-301F-11D3-BF4B-00C04F79EFBC}") = "iTileWeb", "iTileWeb\iTileWeb.csproj", "{3587AFAA-B0A2-4485-A370-FCCDA467B998}"
EndProject
Global
	GlobalSection(SolutionConfigurationPlatforms) = preSolution
		Debug|Any CPU = Debug|Any CPU
		Release|Any CPU = Release|Any CPU
	EndGlobalSection
	GlobalSection(ProjectConfigurationPlatforms) = postSolution
		{94EB8B16-0EC0-407B-88E9-72884786C391}.Debug|Any CPU.ActiveCfg = Debug|Any CPU
		{94EB8B16-0EC0-407B-88E9-72884786C391}.Debug|Any CPU.Build.0 = Debug|Any CPU
		{94EB8B16-0EC0-407B-88E9-72884786C391}.Release|Any CPU.ActiveCfg = Release|Any CPU
		{94EB8B16-0EC0-407B-88E9-72884786C391}.Release|Any CPU.Build.0 = Release|Any CPU
		{3587AFAA-B0A2-4485-A370-FCCDA467B998}.Debug|Any CPU.ActiveCfg = Debug|Any CPU
		{3587AFAA-B0A2-4485-A370-FCCDA467B998}.Debug|Any CPU.Build.0 = Debug|Any CPU
		{3587AFAA-B0A2-4485-A370-FCCDA467B998}.Release|Any CPU.ActiveCfg = Release|Any CPU
		{3587AFAA-B0A2-4485-A370-FCCDA467B998}.Release|Any CPU.Build.0 = Release|Any CPU
	EndGlobalSection
	GlobalSection(SolutionProperties) = preSolution
		HideSolutionNode = FALSE
	EndGlobalSection
	GlobalSection(ExtensibilityGlobals) = postSolution
		SolutionGuid = {6A62099C-7FAB-43D6-BEB2-DC95C378E241}
	EndGlobalSection
	GlobalSection(TeamFoundationVersionControl) = preSolution
		SccNumberOfProjects = 3
		SccEnterpriseProvider = {4CA58AB2-18FA-4F8D-95D4-32DDF27D184C}
		SccTeamFoundationServer = https://theartofapplications.visualstudio.com/
		SccLocalPath0 = .
		SccProjectUniqueName1 = iTileServer\\iTileServer.ccproj
		SccProjectName1 = iTileServer
		SccLocalPath1 = iTileServer
		SccProjectUniqueName2 = iTileWeb\\iTileWeb.csproj
		SccProjectName2 = iTileWeb
		SccLocalPath2 = iTileWeb
	EndGlobalSection
EndGlobal
